
Microsoft Visual Studio Solution File, Format Version 12.00
# Visual Studio 15
VisualStudioVersion = 15.0.28307.902
MinimumVisualStudioVersion = 10.0.40219.1
Project("{FAE04EC0-301F-11D3-BF4B-00C04F79EFBC}") = "ResearchFinal", "ResearchFinal\ResearchFinal.csproj", "{39863675-A841-4FEE-8617-0E144FD685B9}"
EndProject
Global
	GlobalSection(SolutionConfigurationPlatforms) = preSolution
		Debug|Any CPU = Debug|Any CPU
		Release|Any CPU = Release|Any CPU
	EndGlobalSection
	GlobalSection(ProjectConfigurationPlatforms) = postSolution
		{39863675-A841-4FEE-8617-0E144FD685B9}.Debug|Any CPU.ActiveCfg = Debug|Any CPU
		{39863675-A841-4FEE-8617-0E144FD685B9}.Debug|Any CPU.Build.0 = Debug|Any CPU
		{39863675-A841-4FEE-8617-0E144FD685B9}.Release|Any CPU.ActiveCfg = Release|Any CPU
		{39863675-A841-4FEE-8617-0E144FD685B9}.Release|Any CPU.Build.0 = Release|Any CPU
	EndGlobalSection
	GlobalSection(SolutionProperties) = preSolution
		HideSolutionNode = FALSE
	EndGlobalSection
	GlobalSection(ExtensibilityGlobals) = postSolution
		SolutionGuid = {D38ACEA2-0B55-4039-A3DB-E845A6C89A8A}
	EndGlobalSection
EndGlobal
